# QTI 3.0 and 3.0.1 schemas, pinned by URL and SHA-256.
#
# The QTI version lives in the URLs: spec/qti/v3p0, XSD binding v1p0; the
# 3.0.1 files carry v3p0p1 in their name. Every file in the import/include
# closure of the entry schemas of each version (assessment item/test/section
# and the content package manifest) is listed, because the validator never
# downloads at runtime. Files both versions import are listed once.
#
# Fetched by `go run ./cmd/fetchschemas`. A changed upstream file fails the
# checksum; update the hash only after reviewing the diff.
#
# sha256                                                            url
94007301de9c8ed29ffed4a5eba6ca6b1e2e7511eda8d2b39e01b97d7d7e5d06  https://purl.imsglobal.org/spec/mathml/v3p0/schema/xsd/mathml3-common.xsd
922b4082d00559df86b0389842b1d1ba9537db0050ab229d64ad313ddfb44098  https://purl.imsglobal.org/spec/mathml/v3p0/schema/xsd/mathml3-content.xsd
74d605b09528b7c55a4ae803debc429c27a2afa6cd34607d28df79bcc7f3575b  https://purl.imsglobal.org/spec/mathml/v3p0/schema/xsd/mathml3-presentation.xsd
cd0da554afbe2d1570c4e548a29ee5eb0b25aea1d6455bacf664080cb5982640  https://purl.imsglobal.org/spec/mathml/v3p0/schema/xsd/mathml3-strict-content.xsd
af49edc2c29c4976d6a9d8860388c026b94ca75edfbd67bbaf67448da9990656  https://purl.imsglobal.org/spec/mathml/v3p0/schema/xsd/mathml3.xsd
1ae9e77aba63b6789574631213c97fd00a3d43aeffb58050ac7befb665fba9f6  https://purl.imsglobal.org/spec/md/v1p3/schema/xsd/imsmd_loose_v1p3p2.xsd
01290bee61a090fa83d2d313f6821156eac9364a7a1f99caa21b1e8fbe0e8bac  https://purl.imsglobal.org/spec/qti/v3p0/schema/xsd/imsqti_asiv3p0_v1p0.xsd
448c18d65607695d2a60ce96c42003df98f28630fb044ca14ccc609bad384c8b  https://purl.imsglobal.org/spec/qti/v3p0/schema/xsd/imsqti_metadatav3p0_v1p0.xsd
dd3822a3fe0f42af9a25b33be56d11d1a1f3c54ea791bcc355965ceb8f41b064  https://purl.imsglobal.org/spec/qti/v3p0/schema/xsd/imsqtiv3p0_afa3p0drd_v1p0.xsd
3f8deb01dd5ac3ad4b81522e159650c01b3dfe199cae6a6be7e87487e790ad85  https://purl.imsglobal.org/spec/qti/v3p0/schema/xsd/imsqtiv3p0_cpextv1p2_v1p0.xsd
caa7ddf900afa66fd5efb212a8834b42480f675de092ae927ce0c95b74443d2e  https://purl.imsglobal.org/spec/qti/v3p0/schema/xsd/imsqtiv3p0_csmv1p1_v1p0.xsd
30be3dad4fe0ee103295268317ee0ff2b1826b8b55023db974a993edf3ce9101  https://purl.imsglobal.org/spec/qti/v3p0/schema/xsd/imsqtiv3p0_imscpv1p2_v1p0.xsd
f5e6d5ca575722c5ee1de50aefbe483bb8c88d2c46e65f4d7eecb713b8c1f485  https://purl.imsglobal.org/spec/ssml/v1p1/schema/xsd/ssmlv1p1-core.xsd
10608b0b9ad809f78be41e84c655d210fcf27ccc84996ef97cd6dc80b00ace5c  https://purl.imsglobal.org/spec/ssml/v1p1/schema/xsd/synthesis-nonamespace.xsd
e49074eafa608cbf3bc01c2de3406781d466f6ae6adbb90f26cc450d5bf02a1c  https://purl.imsglobal.org/spec/w3/1999/schema/xsd/xlink.xsd
b72e1d2a0ab90aca502b827ce12572bfb4ef787fee89b4dcc1ce474dd3c00df0  https://purl.imsglobal.org/spec/w3/2001/schema/xsd/XInclude.xsd
4c637d0381d988dbf24b680becde6e1c8301b4c4ceef8bfa45a1ee130e77a682  https://purl.imsglobal.org/spec/w3/2001/schema/xsd/xml.xsd
bd82f6df3c7acec951fffc78548325a01e9e9bc91d5768d7415bdcbdc018341d  https://purl.imsglobal.org/spec/qti/v3p0/schema/xsd/imsqti_asiv3p0p1_v1p0.xsd
5057bc38307c4a182cf6b2ccc1297474f6001470d7d4342567eab59b19ed2906  https://purl.imsglobal.org/spec/qti/v3p0/schema/xsd/imsqtiv3p0p1_afa3p0drd_v1p0.xsd
e2f7511da9d99152a88e255cc89ea7f65150a3ab0232c6d69aa4c2194245866f  https://purl.imsglobal.org/spec/qti/v3p0/schema/xsd/imsqtiv3p0p1_cpextv1p2_v1p0.xsd
2d7d76a165a13065f9c3b3e5fa63ae0a6c31132ac32f1c1402a5f34f59c26f98  https://purl.imsglobal.org/spec/qti/v3p0/schema/xsd/imsqtiv3p0p1_csmv1p1_v1p0.xsd
cc59960859c6c84b85b9a8611cca8b6149c8758976fce21f3d346fc3acbd4a90  https://purl.imsglobal.org/spec/qti/v3p0/schema/xsd/imsqtiv3p0p1_imscpv1p2_v1p0.xsd
